
Microsoft Visual Studio Solution File, Format Version 12.00
# Visual Studio Version 17
VisualStudioVersion = 17.0.32014.148
MinimumVisualStudioVersion = 10.0.40219.1
Project("{FAE04EC0-301F-11D3-BF4B-00C04F79EFBC}") = "looping-review", "looping-review\looping-review.csproj", "{B31A200E-018A-43CF-B72A-14EA647FD328}"
EndProject
Global
	GlobalSection(SolutionConfigurationPlatforms) = preSolution
		Debug|Any CPU = Debug|Any CPU
		Release|Any CPU = Release|Any CPU
	EndGlobalSection
	GlobalSection(ProjectConfigurationPlatforms) = postSolution
		{B31A200E-018A-43CF-B72A-14EA647FD328}.Debug|Any CPU.ActiveCfg = Debug|Any CPU
		{B31A200E-018A-43CF-B72A-14EA647FD328}.Debug|Any CPU.Build.0 = Debug|Any CPU
		{B31A200E-018A-43CF-B72A-14EA647FD328}.Release|Any CPU.ActiveCfg = Release|Any CPU
		{B31A200E-018A-43CF-B72A-14EA647FD328}.Release|Any CPU.Build.0 = Release|Any CPU
	EndGlobalSection
	GlobalSection(SolutionProperties) = preSolution
		HideSolutionNode = FALSE
	EndGlobalSection
	GlobalSection(ExtensibilityGlobals) = postSolution
		SolutionGuid = {576EB834-85A6-4B85-B4BB-DFF686FE054E}
	EndGlobalSection
EndGlobal
