
Microsoft Visual Studio Solution File, Format Version 12.00
# Visual Studio Version 17
VisualStudioVersion = 17.0.32014.148
MinimumVisualStudioVersion = 10.0.40219.1
Project("{FAE04EC0-301F-11D3-BF4B-00C04F79EFBC}") = "stacksandqueues", "stacksandqueues\stacksandqueues.csproj", "{BFA5D878-2121-43E5-A6E0-4946B443C4B5}"
EndProject
Global
	GlobalSection(SolutionConfigurationPlatforms) = preSolution
		Debug|Any CPU = Debug|Any CPU
		Release|Any CPU = Release|Any CPU
	EndGlobalSection
	GlobalSection(ProjectConfigurationPlatforms) = postSolution
		{BFA5D878-2121-43E5-A6E0-4946B443C4B5}.Debug|Any CPU.ActiveCfg = Debug|Any CPU
		{BFA5D878-2121-43E5-A6E0-4946B443C4B5}.Debug|Any CPU.Build.0 = Debug|Any CPU
		{BFA5D878-2121-43E5-A6E0-4946B443C4B5}.Release|Any CPU.ActiveCfg = Release|Any CPU
		{BFA5D878-2121-43E5-A6E0-4946B443C4B5}.Release|Any CPU.Build.0 = Release|Any CPU
	EndGlobalSection
	GlobalSection(SolutionProperties) = preSolution
		HideSolutionNode = FALSE
	EndGlobalSection
	GlobalSection(ExtensibilityGlobals) = postSolution
		SolutionGuid = {58597705-D723-4AEA-8DB7-915A636443AA}
	EndGlobalSection
EndGlobal
