
Microsoft Visual Studio Solution File, Format Version 12.00
# Visual Studio Version 17
VisualStudioVersion = 17.0.32014.148
MinimumVisualStudioVersion = 10.0.40219.1
Project("{FAE04EC0-301F-11D3-BF4B-00C04F79EFBC}") = "Intro-MVC", "Intro-MVC\Intro-MVC.csproj", "{5B624F2C-90FE-46D5-BA8E-8EA02BE9B8AF}"
EndProject
Global
	GlobalSection(SolutionConfigurationPlatforms) = preSolution
		Debug|Any CPU = Debug|Any CPU
		Release|Any CPU = Release|Any CPU
	EndGlobalSection
	GlobalSection(ProjectConfigurationPlatforms) = postSolution
		{5B624F2C-90FE-46D5-BA8E-8EA02BE9B8AF}.Debug|Any CPU.ActiveCfg = Debug|Any CPU
		{5B624F2C-90FE-46D5-BA8E-8EA02BE9B8AF}.Debug|Any CPU.Build.0 = Debug|Any CPU
		{5B624F2C-90FE-46D5-BA8E-8EA02BE9B8AF}.Release|Any CPU.ActiveCfg = Release|Any CPU
		{5B624F2C-90FE-46D5-BA8E-8EA02BE9B8AF}.Release|Any CPU.Build.0 = Release|Any CPU
	EndGlobalSection
	GlobalSection(SolutionProperties) = preSolution
		HideSolutionNode = FALSE
	EndGlobalSection
	GlobalSection(ExtensibilityGlobals) = postSolution
		SolutionGuid = {D5451895-CA47-45D5-BA7B-23684DA3E75F}
	EndGlobalSection
EndGlobal
