
Microsoft Visual Studio Solution File, Format Version 12.00
# Visual Studio Version 17
VisualStudioVersion = 17.0.32014.148
MinimumVisualStudioVersion = 10.0.40219.1
Project("{FAE04EC0-301F-11D3-BF4B-00C04F79EFBC}") = "Algorhtm_Example", "Algorhtm_Example\Algorhtm_Example.csproj", "{1018503C-8087-400F-9B43-8B341D540939}"
EndProject
Global
	GlobalSection(SolutionConfigurationPlatforms) = preSolution
		Debug|Any CPU = Debug|Any CPU
		Release|Any CPU = Release|Any CPU
	EndGlobalSection
	GlobalSection(ProjectConfigurationPlatforms) = postSolution
		{1018503C-8087-400F-9B43-8B341D540939}.Debug|Any CPU.ActiveCfg = Debug|Any CPU
		{1018503C-8087-400F-9B43-8B341D540939}.Debug|Any CPU.Build.0 = Debug|Any CPU
		{1018503C-8087-400F-9B43-8B341D540939}.Release|Any CPU.ActiveCfg = Release|Any CPU
		{1018503C-8087-400F-9B43-8B341D540939}.Release|Any CPU.Build.0 = Release|Any CPU
	EndGlobalSection
	GlobalSection(SolutionProperties) = preSolution
		HideSolutionNode = FALSE
	EndGlobalSection
	GlobalSection(ExtensibilityGlobals) = postSolution
		SolutionGuid = {B5830957-0A3A-4BDE-819D-C244EDBCC66C}
	EndGlobalSection
EndGlobal
