
Microsoft Visual Studio Solution File, Format Version 12.00
# Visual Studio Version 17
VisualStudioVersion = 17.0.32014.148
MinimumVisualStudioVersion = 10.0.40219.1
Project("{FAE04EC0-301F-11D3-BF4B-00C04F79EFBC}") = "fourpillars", "fourpillars\fourpillars.csproj", "{9A853F2D-3CB1-4569-AD59-5422E64D9807}"
EndProject
Global
	GlobalSection(SolutionConfigurationPlatforms) = preSolution
		Debug|Any CPU = Debug|Any CPU
		Release|Any CPU = Release|Any CPU
	EndGlobalSection
	GlobalSection(ProjectConfigurationPlatforms) = postSolution
		{9A853F2D-3CB1-4569-AD59-5422E64D9807}.Debug|Any CPU.ActiveCfg = Debug|Any CPU
		{9A853F2D-3CB1-4569-AD59-5422E64D9807}.Debug|Any CPU.Build.0 = Debug|Any CPU
		{9A853F2D-3CB1-4569-AD59-5422E64D9807}.Release|Any CPU.ActiveCfg = Release|Any CPU
		{9A853F2D-3CB1-4569-AD59-5422E64D9807}.Release|Any CPU.Build.0 = Release|Any CPU
	EndGlobalSection
	GlobalSection(SolutionProperties) = preSolution
		HideSolutionNode = FALSE
	EndGlobalSection
	GlobalSection(ExtensibilityGlobals) = postSolution
		SolutionGuid = {B646C122-69ED-4FD4-B572-587105D6BB4D}
	EndGlobalSection
EndGlobal
