
Microsoft Visual Studio Solution File, Format Version 12.00
# Visual Studio Version 17
VisualStudioVersion = 17.0.32014.148
MinimumVisualStudioVersion = 10.0.40219.1
Project("{FAE04EC0-301F-11D3-BF4B-00C04F79EFBC}") = "intro-to-mvc-for-real-this-time", "intro-to-mvc-for-real-this-time\intro-to-mvc-for-real-this-time.csproj", "{5619FAEE-D945-4E07-B746-7166FCA28006}"
EndProject
Global
	GlobalSection(SolutionConfigurationPlatforms) = preSolution
		Debug|Any CPU = Debug|Any CPU
		Release|Any CPU = Release|Any CPU
	EndGlobalSection
	GlobalSection(ProjectConfigurationPlatforms) = postSolution
		{5619FAEE-D945-4E07-B746-7166FCA28006}.Debug|Any CPU.ActiveCfg = Debug|Any CPU
		{5619FAEE-D945-4E07-B746-7166FCA28006}.Debug|Any CPU.Build.0 = Debug|Any CPU
		{5619FAEE-D945-4E07-B746-7166FCA28006}.Release|Any CPU.ActiveCfg = Release|Any CPU
		{5619FAEE-D945-4E07-B746-7166FCA28006}.Release|Any CPU.Build.0 = Release|Any CPU
	EndGlobalSection
	GlobalSection(SolutionProperties) = preSolution
		HideSolutionNode = FALSE
	EndGlobalSection
	GlobalSection(ExtensibilityGlobals) = postSolution
		SolutionGuid = {027DD186-9822-4A14-A9F5-5B98CB90DE2F}
	EndGlobalSection
EndGlobal
