
Microsoft Visual Studio Solution File, Format Version 12.00
# Visual Studio Version 17
VisualStudioVersion = 17.0.32014.148
MinimumVisualStudioVersion = 10.0.40219.1
Project("{FAE04EC0-301F-11D3-BF4B-00C04F79EFBC}") = "Back-end-validation", "Back-end-validation\Back-end-validation.csproj", "{70C8193B-3B8A-49A0-AD76-B0482F84A14F}"
EndProject
Global
	GlobalSection(SolutionConfigurationPlatforms) = preSolution
		Debug|Any CPU = Debug|Any CPU
		Release|Any CPU = Release|Any CPU
	EndGlobalSection
	GlobalSection(ProjectConfigurationPlatforms) = postSolution
		{70C8193B-3B8A-49A0-AD76-B0482F84A14F}.Debug|Any CPU.ActiveCfg = Debug|Any CPU
		{70C8193B-3B8A-49A0-AD76-B0482F84A14F}.Debug|Any CPU.Build.0 = Debug|Any CPU
		{70C8193B-3B8A-49A0-AD76-B0482F84A14F}.Release|Any CPU.ActiveCfg = Release|Any CPU
		{70C8193B-3B8A-49A0-AD76-B0482F84A14F}.Release|Any CPU.Build.0 = Release|Any CPU
	EndGlobalSection
	GlobalSection(SolutionProperties) = preSolution
		HideSolutionNode = FALSE
	EndGlobalSection
	GlobalSection(ExtensibilityGlobals) = postSolution
		SolutionGuid = {B69095DD-EA2C-48B5-9EDD-B89F57B071F5}
	EndGlobalSection
EndGlobal
